
Microsoft Visual Studio Solution File, Format Version 12.00
# Visual Studio Version 16
VisualStudioVersion = 16.0.31005.135
MinimumVisualStudioVersion = 10.0.40219.1
Project("{FAE04EC0-301F-11D3-BF4B-00C04F79EFBC}") = "less_5_4", "less_5_4\less_5_4.csproj", "{38ACA5E7-954C-4E9D-BA0C-E26DF71333EE}"
EndProject
Global
	GlobalSection(SolutionConfigurationPlatforms) = preSolution
		Debug|Any CPU = Debug|Any CPU
		Release|Any CPU = Release|Any CPU
	EndGlobalSection
	GlobalSection(ProjectConfigurationPlatforms) = postSolution
		{38ACA5E7-954C-4E9D-BA0C-E26DF71333EE}.Debug|Any CPU.ActiveCfg = Debug|Any CPU
		{38ACA5E7-954C-4E9D-BA0C-E26DF71333EE}.Debug|Any CPU.Build.0 = Debug|Any CPU
		{38ACA5E7-954C-4E9D-BA0C-E26DF71333EE}.Release|Any CPU.ActiveCfg = Release|Any CPU
		{38ACA5E7-954C-4E9D-BA0C-E26DF71333EE}.Release|Any CPU.Build.0 = Release|Any CPU
	EndGlobalSection
	GlobalSection(SolutionProperties) = preSolution
		HideSolutionNode = FALSE
	EndGlobalSection
	GlobalSection(ExtensibilityGlobals) = postSolution
		SolutionGuid = {F33955C3-431E-4193-BFB4-08AEC65BEF30}
	EndGlobalSection
EndGlobal
