
Microsoft Visual Studio Solution File, Format Version 12.00
# Visual Studio Version 16
VisualStudioVersion = 16.0.31005.135
MinimumVisualStudioVersion = 10.0.40219.1
Project("{FAE04EC0-301F-11D3-BF4B-00C04F79EFBC}") = "less_6", "less_6\less_6.csproj", "{87393C81-0C11-4DA5-A701-4FFD714D23A8}"
EndProject
Global
	GlobalSection(SolutionConfigurationPlatforms) = preSolution
		Debug|Any CPU = Debug|Any CPU
		Release|Any CPU = Release|Any CPU
	EndGlobalSection
	GlobalSection(ProjectConfigurationPlatforms) = postSolution
		{87393C81-0C11-4DA5-A701-4FFD714D23A8}.Debug|Any CPU.ActiveCfg = Debug|Any CPU
		{87393C81-0C11-4DA5-A701-4FFD714D23A8}.Debug|Any CPU.Build.0 = Debug|Any CPU
		{87393C81-0C11-4DA5-A701-4FFD714D23A8}.Release|Any CPU.ActiveCfg = Release|Any CPU
		{87393C81-0C11-4DA5-A701-4FFD714D23A8}.Release|Any CPU.Build.0 = Release|Any CPU
	EndGlobalSection
	GlobalSection(SolutionProperties) = preSolution
		HideSolutionNode = FALSE
	EndGlobalSection
	GlobalSection(ExtensibilityGlobals) = postSolution
		SolutionGuid = {B248814E-1C05-4E49-A30D-01467C104CA5}
	EndGlobalSection
EndGlobal
